# This file is automatically @generated by Poetry 1.4.0 and should not be changed by hand.

[[package]]
name = "attrs"
version = "22.2.0"
description = "Classes Without Boilerplate"
category = "main"
optional = false
python-versions = ">=3.6"
files = [
    {file = "attrs-22.2.0-py3-none-any.whl", hash = "sha256:29e95c7f6778868dbd49170f98f8818f78f3dc5e0e37c0b1f474e3561b240836"},
    {file = "attrs-22.2.0.tar.gz", hash = "sha256:c9227bfc2f01993c03f68db37d1d15c9690188323c067c641f1a35ca58185f99"},
]

[package.extras]
cov = ["attrs[tests]", "coverage-enable-subprocess", "coverage[toml] (>=5.3)"]
dev = ["attrs[docs,tests]"]
docs = ["furo", "myst-parser", "sphinx", "sphinx-notfound-page", "sphinxcontrib-towncrier", "towncrier", "zope.interface"]
tests = ["attrs[tests-no-zope]", "zope.interface"]
tests-no-zope = ["cloudpickle", "cloudpickle", "hypothesis", "hypothesis", "mypy (>=0.971,<0.990)", "mypy (>=0.971,<0.990)", "pympler", "pympler", "pytest (>=4.3.0)", "pytest (>=4.3.0)", "pytest-mypy-plugins", "pytest-mypy-plugins", "pytest-xdist[psutil]", "pytest-xdist[psutil]"]

[[package]]
name = "colorama"
version = "0.4.6"
description = "Cross-platform colored terminal text."
category = "main"
optional = false
python-versions = "!=3.0.*,!=3.1.*,!=3.2.*,!=3.3.*,!=3.4.*,!=3.5.*,!=3.6.*,>=2.7"
files = [
    {file = "colorama-0.4.6-py2.py3-none-any.whl", hash = "sha256:4f1d9991f5acc0ca119f9d443620b77f9d6b33703e51011c16baf57afb285fc6"},
    {file = "colorama-0.4.6.tar.gz", hash = "sha256:08695f5cb7ed6e0531a20572697297273c47b8cae5a63ffc6d6ed5c201be6e44"},
]

[[package]]
name = "docopt"
version = "0.6.2"
description = "Pythonic argument parser, that will make you smile"
category = "main"
optional = false
python-versions = "*"
files = [
    {file = "docopt-0.6.2.tar.gz", hash = "sha256:49b3a825280bd66b3aa83585ef59c4a8c82f2c8a522dbe754a8bc8d08c85c491"},
]

[[package]]
name = "iniconfig"
version = "2.0.0"
description = "brain-dead simple config-ini parsing"
category = "main"
optional = false
python-versions = ">=3.7"
files = [
    {file = "iniconfig-2.0.0-py3-none-any.whl", hash = "sha256:b6a85871a79d2e3b22d2d1b94ac2824226a63c6b741c88f7ae975f18b6778374"},
    {file = "iniconfig-2.0.0.tar.gz", hash = "sha256:2d91e135bf72d31a410b17c16da610a82cb55f6b0477d1a902134b24a455b8b3"},
]

[[package]]
name = "packaging"
version = "23.0"
description = "Core utilities for Python packages"
category = "main"
optional = false
python-versions = ">=3.7"
files = [
    {file = "packaging-23.0-py3-none-any.whl", hash = "sha256:714ac14496c3e68c99c29b00845f7a2b85f3bb6f1078fd9f72fd20f0570002b2"},
    {file = "packaging-23.0.tar.gz", hash = "sha256:b6ad297f8907de0fa2fe1ccbd26fdaf387f5f47c7275fedf8cce89f99446cf97"},
]

[[package]]
name = "pluggy"
version = "1.0.0"
description = "plugin and hook calling mechanisms for python"
category = "main"
optional = false
python-versions = ">=3.6"
files = [
    {file = "pluggy-1.0.0-py2.py3-none-any.whl", hash = "sha256:74134bbf457f031a36d68416e1509f34bd5ccc019f0bcc952c7b909d06b37bd3"},
    {file = "pluggy-1.0.0.tar.gz", hash = "sha256:4224373bacce55f955a878bf9cfa763c1e360858e330072059e10bad68531159"},
]

[package.extras]
dev = ["pre-commit", "tox"]
testing = ["pytest", "pytest-benchmark"]

[[package]]
name = "pytest"
version = "7.2.2"
description = "pytest: simple powerful testing with Python"
category = "main"
optional = false
python-versions = ">=3.7"
files = [
    {file = "pytest-7.2.2-py3-none-any.whl", hash = "sha256:130328f552dcfac0b1cec75c12e3f005619dc5f874f0a06e8ff7263f0ee6225e"},
    {file = "pytest-7.2.2.tar.gz", hash = "sha256:c99ab0c73aceb050f68929bc93af19ab6db0558791c6a0715723abe9d0ade9d4"},
]

[package.dependencies]
attrs = ">=19.2.0"
colorama = {version = "*", markers = "sys_platform == \"win32\""}
iniconfig = "*"
packaging = "*"
pluggy = ">=0.12,<2.0"

[package.extras]
testing = ["argcomplete", "hypothesis (>=3.56)", "mock", "nose", "pygments (>=2.7.2)", "requests", "xmlschema"]

[[package]]
name = "pytest-watch"
version = "4.2.0"
description = "Local continuous test runner with pytest and watchdog."
category = "main"
optional = false
python-versions = "*"
files = [
    {file = "pytest-watch-4.2.0.tar.gz", hash = "sha256:06136f03d5b361718b8d0d234042f7b2f203910d8568f63df2f866b547b3d4b9"},
]

[package.dependencies]
colorama = ">=0.3.3"
docopt = ">=0.4.0"
pytest = ">=2.6.4"
watchdog = ">=0.6.0"

[[package]]
name = "watchdog"
version = "2.3.1"
description = "Filesystem events monitoring"
category = "main"
optional = false
python-versions = ">=3.6"
files = [
    {file = "watchdog-2.3.1-cp310-cp310-macosx_10_9_universal2.whl", hash = "sha256:d1f1200d4ec53b88bf04ab636f9133cb703eb19768a39351cee649de21a33697"},
    {file = "watchdog-2.3.1-cp310-cp310-macosx_10_9_x86_64.whl", hash = "sha256:564e7739abd4bd348aeafbf71cc006b6c0ccda3160c7053c4a53b67d14091d42"},
    {file = "watchdog-2.3.1-cp310-cp310-macosx_11_0_arm64.whl", hash = "sha256:95ad708a9454050a46f741ba5e2f3468655ea22da1114e4c40b8cbdaca572565"},
    {file = "watchdog-2.3.1-cp311-cp311-macosx_10_9_universal2.whl", hash = "sha256:a073c91a6ef0dda488087669586768195c3080c66866144880f03445ca23ef16"},
    {file = "watchdog-2.3.1-cp311-cp311-macosx_10_9_x86_64.whl", hash = "sha256:aa8b028750b43e80eea9946d01925168eeadb488dfdef1d82be4b1e28067f375"},
    {file = "watchdog-2.3.1-cp311-cp311-macosx_11_0_arm64.whl", hash = "sha256:964fd236cd443933268ae49b59706569c8b741073dbfd7ca705492bae9d39aab"},
    {file = "watchdog-2.3.1-cp36-cp36m-macosx_10_9_x86_64.whl", hash = "sha256:91fd146d723392b3e6eb1ac21f122fcce149a194a2ba0a82c5e4d0ee29cd954c"},
    {file = "watchdog-2.3.1-cp37-cp37m-macosx_10_9_x86_64.whl", hash = "sha256:efe3252137392a471a2174d721e1037a0e6a5da7beb72a021e662b7000a9903f"},
    {file = "watchdog-2.3.1-cp38-cp38-macosx_10_9_universal2.whl", hash = "sha256:85bf2263290591b7c5fa01140601b64c831be88084de41efbcba6ea289874f44"},
    {file = "watchdog-2.3.1-cp38-cp38-macosx_10_9_x86_64.whl", hash = "sha256:8f2df370cd8e4e18499dd0bfdef476431bcc396108b97195d9448d90924e3131"},
    {file = "watchdog-2.3.1-cp38-cp38-macosx_11_0_arm64.whl", hash = "sha256:ea5d86d1bcf4a9d24610aa2f6f25492f441960cf04aed2bd9a97db439b643a7b"},
    {file = "watchdog-2.3.1-cp39-cp39-macosx_10_9_universal2.whl", hash = "sha256:6f5d0f7eac86807275eba40b577c671b306f6f335ba63a5c5a348da151aba0fc"},
    {file = "watchdog-2.3.1-cp39-cp39-macosx_10_9_x86_64.whl", hash = "sha256:5b848c71ef2b15d0ef02f69da8cc120d335cec0ed82a3fa7779e27a5a8527225"},
    {file = "watchdog-2.3.1-cp39-cp39-macosx_11_0_arm64.whl", hash = "sha256:0d9878be36d2b9271e3abaa6f4f051b363ff54dbbe7e7df1af3c920e4311ee43"},
    {file = "watchdog-2.3.1-pp37-pypy37_pp73-macosx_10_9_x86_64.whl", hash = "sha256:4cd61f98cb37143206818cb1786d2438626aa78d682a8f2ecee239055a9771d5"},
    {file = "watchdog-2.3.1-pp38-pypy38_pp73-macosx_10_9_x86_64.whl", hash = "sha256:3d2dbcf1acd96e7a9c9aefed201c47c8e311075105d94ce5e899f118155709fd"},
    {file = "watchdog-2.3.1-pp39-pypy39_pp73-macosx_10_9_x86_64.whl", hash = "sha256:03f342a9432fe08107defbe8e405a2cb922c5d00c4c6c168c68b633c64ce6190"},
    {file = "watchdog-2.3.1-py3-none-manylinux2014_aarch64.whl", hash = "sha256:7a596f9415a378d0339681efc08d2249e48975daae391d58f2e22a3673b977cf"},
    {file = "watchdog-2.3.1-py3-none-manylinux2014_armv7l.whl", hash = "sha256:0e1dd6d449267cc7d6935d7fe27ee0426af6ee16578eed93bacb1be9ff824d2d"},
    {file = "watchdog-2.3.1-py3-none-manylinux2014_i686.whl", hash = "sha256:7a1876f660e32027a1a46f8a0fa5747ad4fcf86cb451860eae61a26e102c8c79"},
    {file = "watchdog-2.3.1-py3-none-manylinux2014_ppc64.whl", hash = "sha256:2caf77ae137935c1466f8cefd4a3aec7017b6969f425d086e6a528241cba7256"},
    {file = "watchdog-2.3.1-py3-none-manylinux2014_ppc64le.whl", hash = "sha256:53f3e95081280898d9e4fc51c5c69017715929e4eea1ab45801d5e903dd518ad"},
    {file = "watchdog-2.3.1-py3-none-manylinux2014_s390x.whl", hash = "sha256:9da7acb9af7e4a272089bd2af0171d23e0d6271385c51d4d9bde91fe918c53ed"},
    {file = "watchdog-2.3.1-py3-none-manylinux2014_x86_64.whl", hash = "sha256:8a4d484e846dcd75e96b96d80d80445302621be40e293bfdf34a631cab3b33dc"},
    {file = "watchdog-2.3.1-py3-none-win32.whl", hash = "sha256:a74155398434937ac2780fd257c045954de5b11b5c52fc844e2199ce3eecf4cf"},
    {file = "watchdog-2.3.1-py3-none-win_amd64.whl", hash = "sha256:5defe4f0918a2a1a4afbe4dbb967f743ac3a93d546ea4674567806375b024adb"},
    {file = "watchdog-2.3.1-py3-none-win_ia64.whl", hash = "sha256:4109cccf214b7e3462e8403ab1e5b17b302ecce6c103eb2fc3afa534a7f27b96"},
    {file = "watchdog-2.3.1.tar.gz", hash = "sha256:d9f9ed26ed22a9d331820a8432c3680707ea8b54121ddcc9dc7d9f2ceeb36906"},
]

[package.extras]
watchmedo = ["PyYAML (>=3.10)"]

[metadata]
lock-version = "2.0"
python-versions = "^3.11"
content-hash = "54762a1437d57b25f2a337e6e58588f54ec0eb752a7825808046b836797eaa7b"
